#MicroXplorer Configuration settings - do not modify
Mcu.Family=STM32F4
PF7.GPIOParameters=GPIO_PuPd,GPIO_Label
SH.GPXTI1.0=GPIO_EXTI1
ProjectManager.MainLocation=Core/Src
PB13.GPIOParameters=GPIO_PuPd
CAN1.NART=ENABLE
RCC.CortexFreq_Value=16000000
ProjectManager.KeepUserCode=true
Mcu.UserName=STM32F429ZITx
CAN2.CalculateTimeBit=2000.00
RCC.PLLCLKFreq_Value=96000000
PB14.GPIO_Label=led3
RCC.PLLQCLKFreq_Value=48000000
ProjectManager.functionlistsort=1-MX_GPIO_Init-GPIO-false-HAL-true,2-SystemClock_Config-RCC-false-HAL-false,3-MX_CAN2_Init-CAN2-false-HAL-true,4-MX_CAN1_Init-CAN1-false-HAL-true
NVIC.EXTI3_IRQn=true\:15\:0\:true\:false\:true\:true\:true
RCC.RTCFreq_Value=32000
PB0.GPIO_Label=led1
PD0.Locked=true
PC13.GPIO_Label=reset
PB13.Signal=CAN2_TX
PinOutPanel.RotationAngle=0
PE5.GPIOParameters=GPIO_PuPd,GPIO_Label
ProjectManager.StackSize=0x400
SH.GPXTI2.0=GPIO_EXTI2
SH.GPXTI13.0=GPIO_EXTI13
Mcu.IP4=SYS
SH.GPXTI7.ConfNb=1
Mcu.IP2=NVIC
NVIC.SVCall_IRQn=true\:0\:0\:false\:false\:true\:false\:false
Mcu.IP3=RCC
Mcu.IP0=CAN1
Mcu.IP1=CAN2
NVIC.EXTI1_IRQn=true\:15\:0\:true\:false\:true\:true\:true
SH.GPXTI3.ConfNb=1
Mcu.UserConstants=CAN_PLACA1_ADDR,0x5B0;CAN_PLACA2_ADDR,0x5A0
PE5.GPIO_PuPd=GPIO_PULLDOWN
PF7.Signal=GPXTI7
SH.GPXTI13.ConfNb=1
Mcu.ThirdPartyNb=0
Mcu.IPNb=5
RCC.I2SClocksFreq_Value=96000000
ProjectManager.PreviousToolchain=
RCC.VcooutputI2S=96000000
Mcu.Pin6=PG1
PD0.Signal=CAN1_RX
Mcu.Pin7=PB12
PE5.Signal=GPXTI5
Mcu.Pin8=PB13
Mcu.Pin9=PB14
RCC.VCOSAIOutputFreq_Value=49000000
RCC.AHBFreq_Value=16000000
Mcu.Pin0=PE2
Mcu.Pin1=PE3
GPIO.groupedBy=Group By Peripherals
Mcu.Pin2=PE5
Mcu.Pin3=PC13
NVIC.EXTI15_10_IRQn=true\:15\:0\:true\:false\:true\:true\:true
Mcu.Pin4=PF7
Mcu.Pin5=PB0
ProjectManager.ProjectBuild=false
RCC.HSE_VALUE=25000000
NVIC.UsageFault_IRQn=true\:0\:0\:false\:false\:true\:false\:false
NVIC.DebugMonitor_IRQn=true\:0\:0\:false\:false\:true\:false\:false
NVIC.SysTick_IRQn=true\:0\:0\:false\:false\:true\:false\:true
PD1.GPIOParameters=GPIO_PuPd
SH.GPXTI7.0=GPIO_EXTI7
PG1.GPIOParameters=GPIO_PuPd,GPIO_Label
ProjectManager.FirmwarePackage=STM32Cube FW_F4 V1.26.1
MxDb.Version=DB.6.0.21
PB0.GPIOParameters=GPIO_Label
ProjectManager.BackupPrevious=false
PF7.GPIO_Label=btn4
RCC.VCOInputFreq_Value=1000000
CAN2.Prescaler=2
File.Version=6
PE3.GPIOParameters=GPIO_PuPd,GPIO_Label
PE3.Locked=true
PE2.Signal=GPXTI2
PB7.Signal=GPIO_Output
NVIC.PendSV_IRQn=true\:0\:0\:false\:false\:true\:false\:false
ProjectManager.HalAssertFull=false
PB0.Locked=true
ProjectManager.ProjectName=placa1
PB7.GPIO_Label=led2
CAN1.Prescaler=2
Mcu.Package=LQFP144
PB12.Mode=CAN_Activate
CAN2.BS1=CAN_BS1_13TQ
CAN2.BS2=CAN_BS2_2TQ
ProjectManager.ToolChainLocation=
PG1.GPIO_PuPd=GPIO_PULLDOWN
RCC.LSI_VALUE=32000
VP_SYS_VS_Systick.Signal=SYS_VS_Systick
SH.GPXTI5.ConfNb=1
PF7.Locked=true
PB14.GPIOParameters=GPIO_Label
NVIC.EXTI2_IRQn=true\:15\:0\:true\:false\:true\:true\:true
NVIC.BusFault_IRQn=true\:0\:0\:false\:false\:true\:false\:false
PB13.Mode=CAN_Activate
CAN1.CalculateTimeBit=2000.00
PE2.GPIO_Label=btn1
ProjectManager.CustomerFirmwarePackage=
CAN1.CalculateTimeQuantum=125.0
CAN2.CalculateBaudRate=500000
SH.GPXTI5.0=GPIO_EXTI5
ProjectManager.ProjectFileName=placa1.ioc
Mcu.PinsNb=14
ProjectManager.NoMain=false
CAN2.NART=ENABLE
PG1.Signal=GPXTI1
PC13.Locked=true
PC13.Signal=GPXTI13
PG1.Locked=true
CAN1.IPParameters=CalculateTimeQuantum,CalculateTimeBit,CalculateBaudRate,Prescaler,BS1,BS2,NART,Mode
CAN2.SJW=CAN_SJW_1TQ
CAN1.CalculateBaudRate=500000
CAN2.IPParameters=CalculateTimeQuantum,CalculateTimeBit,CalculateBaudRate,Prescaler,BS1,Mode,SJW,BS2,NART
PD1.Signal=CAN1_TX
ProjectManager.DefaultFWLocation=true
RCC.VCOSAIOutputFreq_ValueQ=12250000
RCC.VCOSAIOutputFreq_ValueR=24500000
PD1.GPIO_PuPd=GPIO_PULLUP
ProjectManager.DeletePrevious=true
PB14.Locked=true
RCC.FamilyName=M
SH.GPXTI2.ConfNb=1
CAN1.BS2=CAN_BS2_2TQ
CAN1.BS1=CAN_BS1_13TQ
ProjectManager.TargetToolchain=STM32CubeIDE
PB7.GPIOParameters=GPIO_Label
RCC.VcooutputI2SQ=96000000
PE2.GPIOParameters=GPIO_Label
ProjectManager.RegisterCallBack=
RCC.LSE_VALUE=32768
RCC.VCOI2SOutputFreq_Value=192000000
PB14.Signal=GPIO_Output
board=custom
SH.GPXTI3.0=GPIO_EXTI3
RCC.VCOOutputFreq_Value=192000000
PG1.GPIO_Label=btn5
ProjectManager.LastFirmware=true
PD1.Mode=CAN_Activate
PB13.GPIO_PuPd=GPIO_PULLUP
RCC.APB2Freq_Value=16000000
MxCube.Version=6.2.1
PC13.GPIOParameters=GPIO_Label
CAN1.Mode=CAN_MODE_SILENT
CAN2.Mode=CAN_MODE_LOOPBACK
VP_SYS_VS_Systick.Mode=SysTick
CAN2.CalculateTimeQuantum=125.0
PE3.GPIO_PuPd=GPIO_PULLDOWN
NVIC.NonMaskableInt_IRQn=true\:0\:0\:false\:false\:true\:false\:false
PE5.Locked=true
ProjectManager.FreePins=false
RCC.IPParameters=AHBFreq_Value,APB1Freq_Value,APB2Freq_Value,CortexFreq_Value,FamilyName,HSE_VALUE,HSI_VALUE,I2SClocksFreq_Value,LSE_VALUE,LSI_VALUE,PLLCLKFreq_Value,PLLQCLKFreq_Value,RTCFreq_Value,RTCHSEDivFreq_Value,SYSCLKFreq_VALUE,VCOI2SOutputFreq_Value,VCOInputFreq_Value,VCOOutputFreq_Value,VCOSAIOutputFreq_Value,VCOSAIOutputFreq_ValueQ,VCOSAIOutputFreq_ValueR,VcooutputI2S,VcooutputI2SQ
ProjectManager.AskForMigrate=true
Mcu.Name=STM32F429ZITx
PD0.Mode=CAN_Activate
RCC.RTCHSEDivFreq_Value=12500000
ProjectManager.UnderRoot=true
PF7.GPIO_PuPd=GPIO_PULLDOWN
ProjectManager.CoupleFile=false
RCC.SYSCLKFreq_VALUE=16000000
NVIC.ForceEnableDMAVector=true
KeepUserPlacement=false
NVIC.MemoryManagement_IRQn=true\:0\:0\:false\:false\:true\:false\:false
PE5.GPIO_Label=btn2
ProjectManager.CompilerOptimize=6
NVIC.EXTI9_5_IRQn=true\:15\:0\:true\:false\:true\:true\:true
ProjectManager.HeapSize=0x200
NVIC.HardFault_IRQn=true\:0\:0\:false\:false\:true\:false\:false
PD0.GPIO_PuPd=GPIO_PULLUP
Mcu.Pin13=VP_SYS_VS_Systick
ProjectManager.ComputerToolchain=false
RCC.HSI_VALUE=16000000
NVIC.PriorityGroup=NVIC_PRIORITYGROUP_4
Mcu.Pin11=PD1
Mcu.Pin12=PB7
PD0.GPIOParameters=GPIO_PuPd
Mcu.Pin10=PD0
PB7.Locked=true
PE2.Locked=true
PE3.Signal=GPXTI3
PE3.GPIO_Label=btn3
SH.GPXTI1.ConfNb=1
PB12.GPIO_PuPd=GPIO_PULLUP
RCC.APB1Freq_Value=16000000
PD1.Locked=true
PB0.Signal=GPIO_Output
ProjectManager.DeviceId=STM32F429ZITx
PB12.GPIOParameters=GPIO_PuPd
PB12.Signal=CAN2_RX
ProjectManager.LibraryCopy=1
NVIC.CAN1_RX0_IRQn=true\:15\:0\:true\:false\:true\:true\:true
isbadioc=false
